{
  "name": "microupload",
  "version": "1.0.0",
  "lockfileVersion": 1,
  "requires": true,
  "dependencies": {
    "kaos": {
      "version": "1.0.0",
      "resolved": "https://registry.npmjs.org/kaos/-/kaos-1.0.0.tgz",
      "integrity": "sha512-I04byLeoc0Owo6bxCZBM8BsPAHUGK6aFfFb7OIaB5O0UNTa9kEORA+7pGtduKRLy1f/KEcL5vbIQtv74ZnTR2Q=="
    },
    "reserve": {
      "version": "1.8.2",
      "resolved": "https://registry.npmjs.org/reserve/-/reserve-1.8.2.tgz",
      "integrity": "sha512-JGQ/5vtcjbc7Wf1ysLx3sU8Z0P1UUF4bTECUUIYoE2ws3ZPzxi1UGNYocXiFY8Lo4Olcg8Cgl3ygFWetBmK/6A=="
    }
  }
}
